{
  "lockfileVersion": 1,
  "workspaces": {
    "": {
      "name": "fts",
      "dependencies": {
        "@orama/highlight": "^0.1.9",
        "@orama/orama": "^3.1.18",
        "@orama/plugin-match-highlight": "^3.1.18",
      },
      "devDependencies": {
        "@types/bun": "latest",
      },
      "peerDependencies": {
        "typescript": "^5",
      },
    },
  },
  "packages": {
    "@orama/highlight": ["@orama/highlight@0.1.9", "", {}, "sha512-eH4uZMea4R9x9vBFJyS/87oR4Y8oIKxF7e1SItJ9DhPlexZWMVZRlFYvHS1BM/563/dU240ct4ZaGHoYKiCkyQ=="],

    "@orama/orama": ["@orama/orama@3.1.18", "", {}, "sha512-a61ljmRVVyG5MC/698C8/FfFDw5a8LOIvyOLW5fztgUXqUpc1jOfQzOitSCbge657OgXXThmY3Tk8fpiDb4UcA=="],

    "@orama/plugin-match-highlight": ["@orama/plugin-match-highlight@3.1.18", "", { "dependencies": { "@orama/orama": "3.1.18" } }, "sha512-oqdzOkt1wTgLnpAFxSqxHuttaQiXnDNs5BE6ozpUzYn+pmWwZIvji/NVVtOoXdUSBJbopBKU2pptibmRNJ0gyw=="],

    "@types/bun": ["@types/bun@1.3.6", "", { "dependencies": { "bun-types": "1.3.6" } }, "sha512-uWCv6FO/8LcpREhenN1d1b6fcspAB+cefwD7uti8C8VffIv0Um08TKMn98FynpTiU38+y2dUO55T11NgDt8VAA=="],

    "@types/node": ["@types/node@25.0.9", "", { "dependencies": { "undici-types": "~7.16.0" } }, "sha512-/rpCXHlCWeqClNBwUhDcusJxXYDjZTyE8v5oTO7WbL8eij2nKhUeU89/6xgjU7N4/Vh3He0BtyhJdQbDyhiXAw=="],

    "bun-types": ["bun-types@1.3.6", "", { "dependencies": { "@types/node": "*" } }, "sha512-OlFwHcnNV99r//9v5IIOgQ9Uk37gZqrNMCcqEaExdkVq3Avwqok1bJFmvGMCkCE0FqzdY8VMOZpfpR3lwI+CsQ=="],

    "typescript": ["typescript@5.9.3", "", { "bin": { "tsc": "bin/tsc", "tsserver": "bin/tsserver" } }, "sha512-jl1vZzPDinLr9eUt3J/t7V6FgNEw9QjvBPdysz9KfQDD41fQrC2Y4vKQdiaUpFT4bXlb1RHhLpp8wtm6M5TgSw=="],

    "undici-types": ["undici-types@7.16.0", "", {}, "sha512-Zz+aZWSj8LE6zoxD+xrjh4VfkIG8Ya6LvYkZqtUQGJPZjYl53ypCaUwWqo7eI0x66KBGeRo+mlBEkMSeSZ38Nw=="],
  }
}
